{
    "_readme": [
        "This file locks the dependencies of your project to a known state",
        "Read more about it at https://getcomposer.org/doc/01-basic-usage.md#composer-lock-the-lock-file",
        "This file is @generated automatically"
    ],
    "content-hash": "58327ce41929856f771d866d99eb1c17",
    "packages": [
        {
            "name": "curl/curl",
            "version": "1.1.5",
            "source": {
                "type": "git",
                "url": "https://github.com/php-mod/curl.git",
                "reference": "82cac3f504e2c6b31eb0f379dc2f80f6d0e80cbb"
            },
            "dist": {
                "type": "zip",
                "url": "https://api.github.com/repos/php-mod/curl/zipball/82cac3f504e2c6b31eb0f379dc2f80f6d0e80cbb",
                "reference": "82cac3f504e2c6b31eb0f379dc2f80f6d0e80cbb",
                "shasum": ""
            },
            "require": {
                "php": ">=5.3.0"
            },
            "require-dev": {
                "phpunit/phpunit": "3.7.*"
            },
            "type": "library",
            "autoload": {
                "psr-0": {
                    "Curl": "src/"
                }
            },
            "notification-url": "https://packagist.org/downloads/",
            "license": [
                "MIT"
            ],
            "authors": [
                {
                    "name": "Hassan Amouhzi",
                    "email": "hassan@anezi.net",
                    "homepage": "http://hassan.amouhzi.com"
                },
                {
                    "name": "php-curl-class",
                    "homepage": "https://github.com/php-curl-class"
                },
                {
                    "name": "user52",
                    "homepage": "https://github.com/user52"
                }
            ],
            "description": "cURL class for PHP",
            "homepage": "https://github.com/php-mod/curl",
            "keywords": [
                "curl",
                "dot"
            ],
            "time": "2014-08-14T20:11:02+00:00"
        },
        {
            "name": "duellsy/pockpack",
            "version": "v2.5.0",
            "source": {
                "type": "git",
                "url": "https://github.com/duellsy/pockpack.git",
                "reference": "7bafa66cd38ab548476d118c739c157ccb46a8b0"
            },
            "dist": {
                "type": "zip",
                "url": "https://api.github.com/repos/duellsy/pockpack/zipball/7bafa66cd38ab548476d118c739c157ccb46a8b0",
                "reference": "7bafa66cd38ab548476d118c739c157ccb46a8b0",
                "shasum": ""
            },
            "require": {
                "guzzle/guzzle": "3.*",
                "php": ">=5.3.0"
            },
            "require-dev": {
                "phpunit/phpunit": "3.7.*"
            },
            "type": "library",
            "autoload": {
                "psr-0": {
                    "Duellsy\\Pockpack": "src/"
                },
                "classmap": [
                    "src/Duellsy/Pockpack/Exceptions.php",
                    "src/Duellsy/Pockpack/Pockpack.php",
                    "src/Duellsy/Pockpack/PockpackAuth.php",
                    "src/Duellsy/Pockpack/PockpackQueue.php"
                ]
            },
            "notification-url": "https://packagist.org/downloads/",
            "license": [
                "MIT"
            ],
            "authors": [
                {
                    "name": "Chris Duell",
                    "email": "me@chrisduell.com"
                }
            ],
            "description": "Package to handle communication with GetPocket.com API neatly.",
            "homepage": "http://duellsy.github.com/pockpack/",
            "keywords": [
                "get pocket",
                "getpocket",
                "pocket",
                "pockpack",
                "read it later",
                "readitlater"
            ],
            "time": "2014-08-14T00:17:06+00:00"
        },
        {
            "name": "guzzle/guzzle",
            "version": "v3.9.3",
            "source": {
                "type": "git",
                "url": "https://github.com/guzzle/guzzle3.git",
                "reference": "0645b70d953bc1c067bbc8d5bc53194706b628d9"
            },
            "dist": {
                "type": "zip",
                "url": "https://api.github.com/repos/guzzle/guzzle3/zipball/0645b70d953bc1c067bbc8d5bc53194706b628d9",
                "reference": "0645b70d953bc1c067bbc8d5bc53194706b628d9",
                "shasum": ""
            },
            "require": {
                "ext-curl": "*",
                "php": ">=5.3.3",
                "symfony/event-dispatcher": "~2.1"
            },
            "replace": {
                "guzzle/batch": "self.version",
                "guzzle/cache": "self.version",
                "guzzle/common": "self.version",
                "guzzle/http": "self.version",
                "guzzle/inflection": "self.version",
                "guzzle/iterator": "self.version",
                "guzzle/log": "self.version",
                "guzzle/parser": "self.version",
                "guzzle/plugin": "self.version",
                "guzzle/plugin-async": "self.version",
                "guzzle/plugin-backoff": "self.version",
                "guzzle/plugin-cache": "self.version",
                "guzzle/plugin-cookie": "self.version",
                "guzzle/plugin-curlauth": "self.version",
                "guzzle/plugin-error-response": "self.version",
                "guzzle/plugin-history": "self.version",
                "guzzle/plugin-log": "self.version",
                "guzzle/plugin-md5": "self.version",
                "guzzle/plugin-mock": "self.version",
                "guzzle/plugin-oauth": "self.version",
                "guzzle/service": "self.version",
                "guzzle/stream": "self.version"
            },
            "require-dev": {
                "doctrine/cache": "~1.3",
                "monolog/monolog": "~1.0",
                "phpunit/phpunit": "3.7.*",
                "psr/log": "~1.0",
                "symfony/class-loader": "~2.1",
                "zendframework/zend-cache": "2.*,<2.3",
                "zendframework/zend-log": "2.*,<2.3"
            },
            "suggest": {
                "guzzlehttp/guzzle": "Guzzle 5 has moved to a new package name. The package you have installed, Guzzle 3, is deprecated."
            },
            "type": "library",
            "extra": {
                "branch-alias": {
                    "dev-master": "3.9-dev"
                }
            },
            "autoload": {
                "psr-0": {
                    "Guzzle": "src/",
                    "Guzzle\\Tests": "tests/"
                }
            },
            "notification-url": "https://packagist.org/downloads/",
            "license": [
                "MIT"
            ],
            "authors": [
                {
                    "name": "Michael Dowling",
                    "email": "mtdowling@gmail.com",
                    "homepage": "https://github.com/mtdowling"
                },
                {
                    "name": "Guzzle Community",
                    "homepage": "https://github.com/guzzle/guzzle/contributors"
                }
            ],
            "description": "PHP HTTP client. This library is deprecated in favor of https://packagist.org/packages/guzzlehttp/guzzle",
            "homepage": "http://guzzlephp.org/",
            "keywords": [
                "client",
                "curl",
                "framework",
                "http",
                "http client",
                "rest",
                "web service"
            ],
            "abandoned": "guzzlehttp/guzzle",
            "time": "2015-03-18T18:23:50+00:00"
        },
        {
            "name": "sunra/php-simple-html-dom-parser",
            "version": "v1.5.2",
            "source": {
                "type": "git",
                "url": "https://github.com/sunra/php-simple-html-dom-parser.git",
                "reference": "75b9b1cb64502d8f8c04dc11b5906b969af247c6"
            },
            "dist": {
                "type": "zip",
                "url": "https://api.github.com/repos/sunra/php-simple-html-dom-parser/zipball/75b9b1cb64502d8f8c04dc11b5906b969af247c6",
                "reference": "75b9b1cb64502d8f8c04dc11b5906b969af247c6",
                "shasum": ""
            },
            "require": {
                "ext-mbstring": "*",
                "php": ">=5.3.2"
            },
            "type": "library",
            "autoload": {
                "psr-0": {
                    "Sunra\\PhpSimple\\HtmlDomParser": "Src/"
                }
            },
            "notification-url": "https://packagist.org/downloads/",
            "license": [
                "MIT"
            ],
            "authors": [
                {
                    "name": "Sunra",
                    "email": "sunra@yandex.ru",
                    "homepage": "https://github.com/sunra"
                },
                {
                    "name": "S.C. Chen",
                    "homepage": "http://sourceforge.net/projects/simplehtmldom/"
                }
            ],
            "description": "Composer adaptation of: A HTML DOM parser written in PHP5+ let you manipulate HTML in a very easy way! Require PHP 5+. Supports invalid HTML. Find tags on an HTML page with selectors just like jQuery. Extract contents from HTML in a single line.",
            "homepage": "https://github.com/sunra/php-simple-html-dom-parser",
            "keywords": [
                "dom",
                "html",
                "parser"
            ],
            "time": "2016-11-22T22:57:47+00:00"
        },
        {
            "name": "symfony/event-dispatcher",
            "version": "v2.8.25",
            "source": {
                "type": "git",
                "url": "https://github.com/symfony/event-dispatcher.git",
                "reference": "1377400fd641d7d1935981546aaef780ecd5bf6d"
            },
            "dist": {
                "type": "zip",
                "url": "https://api.github.com/repos/symfony/event-dispatcher/zipball/1377400fd641d7d1935981546aaef780ecd5bf6d",
                "reference": "1377400fd641d7d1935981546aaef780ecd5bf6d",
                "shasum": ""
            },
            "require": {
                "php": ">=5.3.9"
            },
            "require-dev": {
                "psr/log": "~1.0",
                "symfony/config": "^2.0.5|~3.0.0",
                "symfony/dependency-injection": "~2.6|~3.0.0",
                "symfony/expression-language": "~2.6|~3.0.0",
                "symfony/stopwatch": "~2.3|~3.0.0"
            },
            "suggest": {
                "symfony/dependency-injection": "",
                "symfony/http-kernel": ""
            },
            "type": "library",
            "extra": {
                "branch-alias": {
                    "dev-master": "2.8-dev"
                }
            },
            "autoload": {
                "psr-4": {
                    "Symfony\\Component\\EventDispatcher\\": ""
                },
                "exclude-from-classmap": [
                    "/Tests/"
                ]
            },
            "notification-url": "https://packagist.org/downloads/",
            "license": [
                "MIT"
            ],
            "authors": [
                {
                    "name": "Fabien Potencier",
                    "email": "fabien@symfony.com"
                },
                {
                    "name": "Symfony Community",
                    "homepage": "https://symfony.com/contributors"
                }
            ],
            "description": "Symfony EventDispatcher Component",
            "homepage": "https://symfony.com",
            "time": "2017-06-02T07:47:27+00:00"
        },
        {
            "name": "wp-cli/php-cli-tools",
            "version": "v0.9.5",
            "source": {
                "type": "git",
                "url": "https://github.com/wp-cli/php-cli-tools.git",
                "reference": "89461455b360693da07355460a2597baa0108c1d"
            },
            "dist": {
                "type": "zip",
                "url": "https://api.github.com/repos/wp-cli/php-cli-tools/zipball/89461455b360693da07355460a2597baa0108c1d",
                "reference": "89461455b360693da07355460a2597baa0108c1d",
                "shasum": ""
            },
            "require": {
                "php": ">= 5.3.0"
            },
            "type": "library",
            "autoload": {
                "psr-0": {
                    "cli": "lib/"
                },
                "files": [
                    "lib/cli/cli.php"
                ]
            },
            "notification-url": "https://packagist.org/downloads/",
            "license": [
                "MIT"
            ],
            "authors": [
                {
                    "name": "James Logsdon",
                    "email": "jlogsdon@php.net",
                    "role": "Developer"
                },
                {
                    "name": "Daniel Bachhuber",
                    "email": "daniel@handbuilt.co",
                    "role": "Maintainer"
                }
            ],
            "description": "Console utilities for PHP",
            "homepage": "http://github.com/wp-cli/php-cli-tools",
            "keywords": [
                "cli",
                "console"
            ],
            "time": "2014-06-29T20:40:27+00:00"
        }
    ],
    "packages-dev": [],
    "aliases": [],
    "minimum-stability": "stable",
    "stability-flags": [],
    "prefer-stable": false,
    "prefer-lowest": false,
    "platform": {
        "php": ">=5.3.0",
        "ext-mbstring": "*"
    },
    "platform-dev": []
}
